
Microsoft Visual Studio Solution File, Format Version 12.00
# Visual Studio Express 2012 for Web
Project("{FAE04EC0-301F-11D3-BF4B-00C04F79EFBC}") = "Cshongo", "Cshongo\Cshongo.csproj", "{98D8908E-17D0-4854-A637-08C69E1001D2}"
EndProject
Project("{FAE04EC0-301F-11D3-BF4B-00C04F79EFBC}") = "Cshongo.Tests", "..\tests\Cshongo.Tests\Cshongo.Tests.csproj", "{2853EE74-26E1-4EB3-8EF9-75441CCC7FA3}"
EndProject
Global
	GlobalSection(SolutionConfigurationPlatforms) = preSolution
		Debug|Any CPU = Debug|Any CPU
		Release|Any CPU = Release|Any CPU
	EndGlobalSection
	GlobalSection(ProjectConfigurationPlatforms) = postSolution
		{98D8908E-17D0-4854-A637-08C69E1001D2}.Debug|Any CPU.ActiveCfg = Debug|Any CPU
		{98D8908E-17D0-4854-A637-08C69E1001D2}.Debug|Any CPU.Build.0 = Debug|Any CPU
		{98D8908E-17D0-4854-A637-08C69E1001D2}.Release|Any CPU.ActiveCfg = Release|Any CPU
		{98D8908E-17D0-4854-A637-08C69E1001D2}.Release|Any CPU.Build.0 = Release|Any CPU
		{2853EE74-26E1-4EB3-8EF9-75441CCC7FA3}.Debug|Any CPU.ActiveCfg = Debug|Any CPU
		{2853EE74-26E1-4EB3-8EF9-75441CCC7FA3}.Debug|Any CPU.Build.0 = Debug|Any CPU
		{2853EE74-26E1-4EB3-8EF9-75441CCC7FA3}.Release|Any CPU.ActiveCfg = Release|Any CPU
		{2853EE74-26E1-4EB3-8EF9-75441CCC7FA3}.Release|Any CPU.Build.0 = Release|Any CPU
	EndGlobalSection
	GlobalSection(SolutionProperties) = preSolution
		HideSolutionNode = FALSE
	EndGlobalSection
EndGlobal
